// !$*UTF8*$!
{
	archiveVersion = 1;
	classes = {
	};
	objectVersion = 50;
	objects = {

/* Begin PBXBuildFile section */
		6E17B25222E8B45B00539343 /* AppDelegate.swift in Sources */ = {isa = PBXBuildFile; fileRef = 6E17B25122E8B45B00539343 /* AppDelegate.swift */; };
		6E17B25922E8B45D00539343 /* Assets.xcassets in Resources */ = {isa = PBXBuildFile; fileRef = 6E17B25822E8B45D00539343 /* Assets.xcassets */; };
		6E17B25C22E8B45D00539343 /* LaunchScreen.storyboard in Resources */ = {isa = PBXBuildFile; fileRef = 6E17B25A22E8B45D00539343 /* LaunchScreen.storyboard */; };
		6E17B26422E8B5D700539343 /* MapViewController.swift in Sources */ = {isa = PBXBuildFile; fileRef = 6E17B26322E8B5D700539343 /* MapViewController.swift */; };
		6E17B26622E8B66A00539343 /* UIView+Additions.swift in Sources */ = {isa = PBXBuildFile; fileRef = 6E17B26522E8B66A00539343 /* UIView+Additions.swift */; };
		6E17B26822E8B74E00539343 /* LocationViewController.swift in Sources */ = {isa = PBXBuildFile; fileRef = 6E17B26722E8B74E00539343 /* LocationViewController.swift */; };
		6E17B26A22E8B8D800539343 /* LocationController.swift in Sources */ = {isa = PBXBuildFile; fileRef = 6E17B26922E8B8D800539343 /* LocationController.swift */; };
		6E17B26C22E8B90700539343 /* Constants.swift in Sources */ = {isa = PBXBuildFile; fileRef = 6E17B26B22E8B90700539343 /* Constants.swift */; };
		6E17B26E22E8B98C00539343 /* CustomError.swift in Sources */ = {isa = PBXBuildFile; fileRef = 6E17B26D22E8B98C00539343 /* CustomError.swift */; };
		6E17B27022E8BBCC00539343 /* UIAlertController+Additions.swift in Sources */ = {isa = PBXBuildFile; fileRef = 6E17B26F22E8BBCC00539343 /* UIAlertController+Additions.swift */; };
		6E17B27222E8C74900539343 /* LocationCacheController.swift in Sources */ = {isa = PBXBuildFile; fileRef = 6E17B27122E8C74900539343 /* LocationCacheController.swift */; };
		6E17B27422E8C91C00539343 /* WeatherStore.swift in Sources */ = {isa = PBXBuildFile; fileRef = 6E17B27322E8C91C00539343 /* WeatherStore.swift */; };
		6E17B27622E8CCD400539343 /* Weather.swift in Sources */ = {isa = PBXBuildFile; fileRef = 6E17B27522E8CCD400539343 /* Weather.swift */; };
/* End PBXBuildFile section */

/* Begin PBXFileReference section */
		6E17B24E22E8B45B00539343 /* zion-code-test.app */ = {isa = PBXFileReference; explicitFileType = wrapper.application; includeInIndex = 0; path = "zion-code-test.app"; sourceTree = BUILT_PRODUCTS_DIR; };
		6E17B25122E8B45B00539343 /* AppDelegate.swift */ = {isa = PBXFileReference; lastKnownFileType = sourcecode.swift; path = AppDelegate.swift; sourceTree = "<group>"; };
		6E17B25822E8B45D00539343 /* Assets.xcassets */ = {isa = PBXFileReference; lastKnownFileType = folder.assetcatalog; path = Assets.xcassets; sourceTree = "<group>"; };
		6E17B25B22E8B45D00539343 /* Base */ = {isa = PBXFileReference; lastKnownFileType = file.storyboard; name = Base; path = Base.lproj/LaunchScreen.storyboard; sourceTree = "<group>"; };
		6E17B25D22E8B45D00539343 /* Info.plist */ = {isa = PBXFileReference; lastKnownFileType = text.plist.xml; path = Info.plist; sourceTree = "<group>"; };
		6E17B26322E8B5D700539343 /* MapViewController.swift */ = {isa = PBXFileReference; lastKnownFileType = sourcecode.swift; path = MapViewController.swift; sourceTree = "<group>"; };
		6E17B26522E8B66A00539343 /* UIView+Additions.swift */ = {isa = PBXFileReference; lastKnownFileType = sourcecode.swift; path = "UIView+Additions.swift"; sourceTree = "<group>"; };
		6E17B26722E8B74E00539343 /* LocationViewController.swift */ = {isa = PBXFileReference; lastKnownFileType = sourcecode.swift; path = LocationViewController.swift; sourceTree = "<group>"; };
		6E17B26922E8B8D800539343 /* LocationController.swift */ = {isa = PBXFileReference; lastKnownFileType = sourcecode.swift; path = LocationController.swift; sourceTree = "<group>"; };
		6E17B26B22E8B90700539343 /* Constants.swift */ = {isa = PBXFileReference; lastKnownFileType = sourcecode.swift; path = Constants.swift; sourceTree = "<group>"; };
		6E17B26D22E8B98C00539343 /* CustomError.swift */ = {isa = PBXFileReference; lastKnownFileType = sourcecode.swift; path = CustomError.swift; sourceTree = "<group>"; };
		6E17B26F22E8BBCC00539343 /* UIAlertController+Additions.swift */ = {isa = PBXFileReference; lastKnownFileType = sourcecode.swift; path = "UIAlertController+Additions.swift"; sourceTree = "<group>"; };
		6E17B27122E8C74900539343 /* LocationCacheController.swift */ = {isa = PBXFileReference; lastKnownFileType = sourcecode.swift; path = LocationCacheController.swift; sourceTree = "<group>"; };
		6E17B27322E8C91C00539343 /* WeatherStore.swift */ = {isa = PBXFileReference; lastKnownFileType = sourcecode.swift; path = WeatherStore.swift; sourceTree = "<group>"; };
		6E17B27522E8CCD400539343 /* Weather.swift */ = {isa = PBXFileReference; lastKnownFileType = sourcecode.swift; path = Weather.swift; sourceTree = "<group>"; };
/* End PBXFileReference section */

/* Begin PBXFrameworksBuildPhase section */
		6E17B24B22E8B45B00539343 /* Frameworks */ = {
			isa = PBXFrameworksBuildPhase;
			buildActionMask = 2147483647;
			files = (
			);
			runOnlyForDeploymentPostprocessing = 0;
		};
/* End PBXFrameworksBuildPhase section */

/* Begin PBXGroup section */
		6E17B24522E8B45B00539343 = {
			isa = PBXGroup;
			children = (
				6E17B25022E8B45B00539343 /* zion-code-test */,
				6E17B24F22E8B45B00539343 /* Products */,
			);
			sourceTree = "<group>";
		};
		6E17B24F22E8B45B00539343 /* Products */ = {
			isa = PBXGroup;
			children = (
				6E17B24E22E8B45B00539343 /* zion-code-test.app */,
			);
			name = Products;
			sourceTree = "<group>";
		};
		6E17B25022E8B45B00539343 /* zion-code-test */ = {
			isa = PBXGroup;
			children = (
				6E17B25122E8B45B00539343 /* AppDelegate.swift */,
				6E17B25822E8B45D00539343 /* Assets.xcassets */,
				6E17B26B22E8B90700539343 /* Constants.swift */,
				6E17B26D22E8B98C00539343 /* CustomError.swift */,
				6E17B25D22E8B45D00539343 /* Info.plist */,
				6E17B25A22E8B45D00539343 /* LaunchScreen.storyboard */,
				6E17B27122E8C74900539343 /* LocationCacheController.swift */,
				6E17B26922E8B8D800539343 /* LocationController.swift */,
				6E17B26722E8B74E00539343 /* LocationViewController.swift */,
				6E17B26322E8B5D700539343 /* MapViewController.swift */,
				6E17B26F22E8BBCC00539343 /* UIAlertController+Additions.swift */,
				6E17B26522E8B66A00539343 /* UIView+Additions.swift */,
				6E17B27522E8CCD400539343 /* Weather.swift */,
				6E17B27322E8C91C00539343 /* WeatherStore.swift */,
			);
			path = "zion-code-test";
			sourceTree = "<group>";
		};
/* End PBXGroup section */

/* Begin PBXNativeTarget section */
		6E17B24D22E8B45B00539343 /* zion-code-test */ = {
			isa = PBXNativeTarget;
			buildConfigurationList = 6E17B26022E8B45D00539343 /* Build configuration list for PBXNativeTarget "zion-code-test" */;
			buildPhases = (
				6E17B24A22E8B45B00539343 /* Sources */,
				6E17B24B22E8B45B00539343 /* Frameworks */,
				6E17B24C22E8B45B00539343 /* Resources */,
			);
			buildRules = (
			);
			dependencies = (
			);
			name = "zion-code-test";
			productName = "zion-code-test";
			productReference = 6E17B24E22E8B45B00539343 /* zion-code-test.app */;
			productType = "com.apple.product-type.application";
		};
/* End PBXNativeTarget section */

/* Begin PBXProject section */
		6E17B24622E8B45B00539343 /* Project object */ = {
			isa = PBXProject;
			attributes = {
				LastSwiftUpdateCheck = 1020;
				LastUpgradeCheck = 1020;
				ORGANIZATIONNAME = "Pablo Epíscopo";
				TargetAttributes = {
					6E17B24D22E8B45B00539343 = {
						CreatedOnToolsVersion = 10.2;
						SystemCapabilities = {
							com.apple.BackgroundModes = {
								enabled = 1;
							};
						};
					};
				};
			};
			buildConfigurationList = 6E17B24922E8B45B00539343 /* Build configuration list for PBXProject "zion-code-test" */;
			compatibilityVersion = "Xcode 9.3";
			developmentRegion = en;
			hasScannedForEncodings = 0;
			knownRegions = (
				en,
				Base,
			);
			mainGroup = 6E17B24522E8B45B00539343;
			productRefGroup = 6E17B24F22E8B45B00539343 /* Products */;
			projectDirPath = "";
			projectRoot = "";
			targets = (
				6E17B24D22E8B45B00539343 /* zion-code-test */,
			);
		};
/* End PBXProject section */

/* Begin PBXResourcesBuildPhase section */
		6E17B24C22E8B45B00539343 /* Resources */ = {
			isa = PBXResourcesBuildPhase;
			buildActionMask = 2147483647;
			files = (
				6E17B25C22E8B45D00539343 /* LaunchScreen.storyboard in Resources */,
				6E17B25922E8B45D00539343 /* Assets.xcassets in Resources */,
			);
			runOnlyForDeploymentPostprocessing = 0;
		};
/* End PBXResourcesBuildPhase section */

/* Begin PBXSourcesBuildPhase section */
		6E17B24A22E8B45B00539343 /* Sources */ = {
			isa = PBXSourcesBuildPhase;
			buildActionMask = 2147483647;
			files = (
				6E17B27422E8C91C00539343 /* WeatherStore.swift in Sources */,
				6E17B27022E8BBCC00539343 /* UIAlertController+Additions.swift in Sources */,
				6E17B26E22E8B98C00539343 /* CustomError.swift in Sources */,
				6E17B27622E8CCD400539343 /* Weather.swift in Sources */,
				6E17B26622E8B66A00539343 /* UIView+Additions.swift in Sources */,
				6E17B25222E8B45B00539343 /* AppDelegate.swift in Sources */,
				6E17B26422E8B5D700539343 /* MapViewController.swift in Sources */,
				6E17B26A22E8B8D800539343 /* LocationController.swift in Sources */,
				6E17B26822E8B74E00539343 /* LocationViewController.swift in Sources */,
				6E17B26C22E8B90700539343 /* Constants.swift in Sources */,
				6E17B27222E8C74900539343 /* LocationCacheController.swift in Sources */,
			);
			runOnlyForDeploymentPostprocessing = 0;
		};
/* End PBXSourcesBuildPhase section */

/* Begin PBXVariantGroup section */
		6E17B25A22E8B45D00539343 /* LaunchScreen.storyboard */ = {
			isa = PBXVariantGroup;
			children = (
				6E17B25B22E8B45D00539343 /* Base */,
			);
			name = LaunchScreen.storyboard;
			sourceTree = "<group>";
		};
/* End PBXVariantGroup section */

/* Begin XCBuildConfiguration section */
		6E17B25E22E8B45D00539343 /* Debug */ = {
			isa = XCBuildConfiguration;
			buildSettings = {
				ALWAYS_SEARCH_USER_PATHS = NO;
				CLANG_ANALYZER_NONNULL = YES;
				CLANG_ANALYZER_NUMBER_OBJECT_CONVERSION = YES_AGGRESSIVE;
				CLANG_CXX_LANGUAGE_STANDARD = "gnu++14";
				CLANG_CXX_LIBRARY = "libc++";
				CLANG_ENABLE_MODULES = YES;
				CLANG_ENABLE_OBJC_ARC = YES;
				CLANG_ENABLE_OBJC_WEAK = YES;
				CLANG_WARN_BLOCK_CAPTURE_AUTORELEASING = YES;
				CLANG_WARN_BOOL_CONVERSION = YES;
				CLANG_WARN_COMMA = YES;
				CLANG_WARN_CONSTANT_CONVERSION = YES;
				CLANG_WARN_DEPRECATED_OBJC_IMPLEMENTATIONS = YES;
				CLANG_WARN_DIRECT_OBJC_ISA_USAGE = YES_ERROR;
				CLANG_WARN_DOCUMENTATION_COMMENTS = YES;
				CLANG_WARN_EMPTY_BODY = YES;
				CLANG_WARN_ENUM_CONVERSION = YES;
				CLANG_WARN_INFINITE_RECURSION = YES;
				CLANG_WARN_INT_CONVERSION = YES;
				CLANG_WARN_NON_LITERAL_NULL_CONVERSION = YES;
				CLANG_WARN_OBJC_IMPLICIT_RETAIN_SELF = YES;
				CLANG_WARN_OBJC_LITERAL_CONVERSION = YES;
				CLANG_WARN_OBJC_ROOT_CLASS = YES_ERROR;
				CLANG_WARN_RANGE_LOOP_ANALYSIS = YES;
				CLANG_WARN_STRICT_PROTOTYPES = YES;
				CLANG_WARN_SUSPICIOUS_MOVE = YES;
				CLANG_WARN_UNGUARDED_AVAILABILITY = YES_AGGRESSIVE;
				CLANG_WARN_UNREACHABLE_CODE = YES;
				CLANG_WARN__DUPLICATE_METHOD_MATCH = YES;
				CODE_SIGN_IDENTITY = "iPhone Developer";
				COPY_PHASE_STRIP = NO;
				DEBUG_INFORMATION_FORMAT = dwarf;
				ENABLE_STRICT_OBJC_MSGSEND = YES;
				ENABLE_TESTABILITY = YES;
				GCC_C_LANGUAGE_STANDARD = gnu11;
				GCC_DYNAMIC_NO_PIC = NO;
				GCC_NO_COMMON_BLOCKS = YES;
				GCC_OPTIMIZATION_LEVEL = 0;
				GCC_PREPROCESSOR_DEFINITIONS = (
					"DEBUG=1",
					"$(inherited)",
				);
				GCC_WARN_64_TO_32_BIT_CONVERSION = YES;
				GCC_WARN_ABOUT_RETURN_TYPE = YES_ERROR;
				GCC_WARN_UNDECLARED_SELECTOR = YES;
				GCC_WARN_UNINITIALIZED_AUTOS = YES_AGGRESSIVE;
				GCC_WARN_UNUSED_FUNCTION = YES;
				GCC_WARN_UNUSED_VARIABLE = YES;
				IPHONEOS_DEPLOYMENT_TARGET = 11.0;
				MTL_ENABLE_DEBUG_INFO = INCLUDE_SOURCE;
				MTL_FAST_MATH = YES;
				ONLY_ACTIVE_ARCH = YES;
				SDKROOT = iphoneos;
				SWIFT_ACTIVE_COMPILATION_CONDITIONS = DEBUG;
				SWIFT_OPTIMIZATION_LEVEL = "-Onone";
			};
			name = Debug;
		};
		6E17B25F22E8B45D00539343 /* Release */ = {
			isa = XCBuildConfiguration;
			buildSettings = {
				ALWAYS_SEARCH_USER_PATHS = NO;
				CLANG_ANALYZER_NONNULL = YES;
				CLANG_ANALYZER_NUMBER_OBJECT_CONVERSION = YES_AGGRESSIVE;
				CLANG_CXX_LANGUAGE_STANDARD = "gnu++14";
				CLANG_CXX_LIBRARY = "libc++";
				CLANG_ENABLE_MODULES = YES;
				CLANG_ENABLE_OBJC_ARC = YES;
				CLANG_ENABLE_OBJC_WEAK = YES;
				CLANG_WARN_BLOCK_CAPTURE_AUTORELEASING = YES;
				CLANG_WARN_BOOL_CONVERSION = YES;
				CLANG_WARN_COMMA = YES;
				CLANG_WARN_CONSTANT_CONVERSION = YES;
				CLANG_WARN_DEPRECATED_OBJC_IMPLEMENTATIONS = YES;
				CLANG_WARN_DIRECT_OBJC_ISA_USAGE = YES_ERROR;
				CLANG_WARN_DOCUMENTATION_COMMENTS = YES;
				CLANG_WARN_EMPTY_BODY = YES;
				CLANG_WARN_ENUM_CONVERSION = YES;
				CLANG_WARN_INFINITE_RECURSION = YES;
				CLANG_WARN_INT_CONVERSION = YES;
				CLANG_WARN_NON_LITERAL_NULL_CONVERSION = YES;
				CLANG_WARN_OBJC_IMPLICIT_RETAIN_SELF = YES;
				CLANG_WARN_OBJC_LITERAL_CONVERSION = YES;
				CLANG_WARN_OBJC_ROOT_CLASS = YES_ERROR;
				CLANG_WARN_RANGE_LOOP_ANALYSIS = YES;
				CLANG_WARN_STRICT_PROTOTYPES = YES;
				CLANG_WARN_SUSPICIOUS_MOVE = YES;
				CLANG_WARN_UNGUARDED_AVAILABILITY = YES_AGGRESSIVE;
				CLANG_WARN_UNREACHABLE_CODE = YES;
				CLANG_WARN__DUPLICATE_METHOD_MATCH = YES;
				CODE_SIGN_IDENTITY = "iPhone Developer";
				COPY_PHASE_STRIP = NO;
				DEBUG_INFORMATION_FORMAT = "dwarf-with-dsym";
				ENABLE_NS_ASSERTIONS = NO;
				ENABLE_STRICT_OBJC_MSGSEND = YES;
				GCC_C_LANGUAGE_STANDARD = gnu11;
				GCC_NO_COMMON_BLOCKS = YES;
				GCC_WARN_64_TO_32_BIT_CONVERSION = YES;
				GCC_WARN_ABOUT_RETURN_TYPE = YES_ERROR;
				GCC_WARN_UNDECLARED_SELECTOR = YES;
				GCC_WARN_UNINITIALIZED_AUTOS = YES_AGGRESSIVE;
				GCC_WARN_UNUSED_FUNCTION = YES;
				GCC_WARN_UNUSED_VARIABLE = YES;
				IPHONEOS_DEPLOYMENT_TARGET = 11.0;
				MTL_ENABLE_DEBUG_INFO = NO;
				MTL_FAST_MATH = YES;
				SDKROOT = iphoneos;
				SWIFT_COMPILATION_MODE = wholemodule;
				SWIFT_OPTIMIZATION_LEVEL = "-O";
				VALIDATE_PRODUCT = YES;
			};
			name = Release;
		};
		6E17B26122E8B45D00539343 /* Debug */ = {
			isa = XCBuildConfiguration;
			buildSettings = {
				ASSETCATALOG_COMPILER_APPICON_NAME = AppIcon;
				ASSETCATALOG_COMPILER_LAUNCHIMAGE_NAME = LaunchImage;
				CODE_SIGN_STYLE = Automatic;
				DEVELOPMENT_TEAM = 6VCHDS2F27;
				INFOPLIST_FILE = "zion-code-test/Info.plist";
				IPHONEOS_DEPLOYMENT_TARGET = 11.0;
				LD_RUNPATH_SEARCH_PATHS = (
					"$(inherited)",
					"@executable_path/Frameworks",
				);
				PRODUCT_BUNDLE_IDENTIFIER = com.zion.weather;
				PRODUCT_NAME = "$(TARGET_NAME)";
				SWIFT_VERSION = 5.0;
				TARGETED_DEVICE_FAMILY = "1,2";
			};
			name = Debug;
		};
		6E17B26222E8B45D00539343 /* Release */ = {
			isa = XCBuildConfiguration;
			buildSettings = {
				ASSETCATALOG_COMPILER_APPICON_NAME = AppIcon;
				ASSETCATALOG_COMPILER_LAUNCHIMAGE_NAME = LaunchImage;
				CODE_SIGN_STYLE = Automatic;
				DEVELOPMENT_TEAM = 6VCHDS2F27;
				INFOPLIST_FILE = "zion-code-test/Info.plist";
				IPHONEOS_DEPLOYMENT_TARGET = 11.0;
				LD_RUNPATH_SEARCH_PATHS = (
					"$(inherited)",
					"@executable_path/Frameworks",
				);
				PRODUCT_BUNDLE_IDENTIFIER = com.zion.weather;
				PRODUCT_NAME = "$(TARGET_NAME)";
				SWIFT_VERSION = 5.0;
				TARGETED_DEVICE_FAMILY = "1,2";
			};
			name = Release;
		};
/* End XCBuildConfiguration section */

/* Begin XCConfigurationList section */
		6E17B24922E8B45B00539343 /* Build configuration list for PBXProject "zion-code-test" */ = {
			isa = XCConfigurationList;
			buildConfigurations = (
				6E17B25E22E8B45D00539343 /* Debug */,
				6E17B25F22E8B45D00539343 /* Release */,
			);
			defaultConfigurationIsVisible = 0;
			defaultConfigurationName = Release;
		};
		6E17B26022E8B45D00539343 /* Build configuration list for PBXNativeTarget "zion-code-test" */ = {
			isa = XCConfigurationList;
			buildConfigurations = (
				6E17B26122E8B45D00539343 /* Debug */,
				6E17B26222E8B45D00539343 /* Release */,
			);
			defaultConfigurationIsVisible = 0;
			defaultConfigurationName = Release;
		};
/* End XCConfigurationList section */
	};
	rootObject = 6E17B24622E8B45B00539343 /* Project object */;
}
